
Microsoft Visual Studio Solution File, Format Version 12.00
# Visual Studio Version 17
VisualStudioVersion = 17.0.31903.59
MinimumVisualStudioVersion = 10.0.40219.1
Project("{2150E333-8FDC-42A3-9474-1A3956D46DE8}") = "src", "src", "{827E0CD3-B72D-47B6-A68D-7590B98EB39B}"
EndProject
Project("{FAE04EC0-301F-11D3-BF4B-00C04F79EFBC}") = "AuthAssessment.Domain", "src\AuthAssessment.Domain\AuthAssessment.Domain.csproj", "{51B2CBC5-F6DF-4E5E-94BA-F2C9F68E8250}"
EndProject
Project("{FAE04EC0-301F-11D3-BF4B-00C04F79EFBC}") = "AuthAssessment.Application", "src\AuthAssessment.Application\AuthAssessment.Application.csproj", "{F229F1E9-7866-4C67-93E9-4DF42AC1510C}"
EndProject
Project("{FAE04EC0-301F-11D3-BF4B-00C04F79EFBC}") = "AuthAssessment.Infrastructure", "src\AuthAssessment.Infrastructure\AuthAssessment.Infrastructure.csproj", "{4B1321ED-0601-4A0F-ABA1-E1B4364A54B5}"
EndProject
Project("{FAE04EC0-301F-11D3-BF4B-00C04F79EFBC}") = "AuthAssessment.API", "src\AuthAssessment.API\AuthAssessment.API.csproj", "{0D3E912E-C727-4FA8-B3BB-5AC9690BAF67}"
EndProject
Project("{2150E333-8FDC-42A3-9474-1A3956D46DE8}") = "tests", "tests", "{0AB3BF05-4346-4AA6-1389-037BE0695223}"
EndProject
Project("{FAE04EC0-301F-11D3-BF4B-00C04F79EFBC}") = "AuthAssessment.Tests.Unit", "tests\AuthAssessment.Tests.Unit\AuthAssessment.Tests.Unit.csproj", "{44E317D3-58EB-4735-B2E7-E2F89A11ECC9}"
EndProject
Project("{FAE04EC0-301F-11D3-BF4B-00C04F79EFBC}") = "AuthAssessment.Tests.Integration", "tests\AuthAssessment.Tests.Integration\AuthAssessment.Tests.Integration.csproj", "{DF8C6157-68FF-43D3-B8BF-89E4DE7A069A}"
EndProject
Global
	GlobalSection(SolutionConfigurationPlatforms) = preSolution
		Debug|Any CPU = Debug|Any CPU
		Debug|x64 = Debug|x64
		Debug|x86 = Debug|x86
		Release|Any CPU = Release|Any CPU
		Release|x64 = Release|x64
		Release|x86 = Release|x86
	EndGlobalSection
	GlobalSection(ProjectConfigurationPlatforms) = postSolution
		{51B2CBC5-F6DF-4E5E-94BA-F2C9F68E8250}.Debug|Any CPU.ActiveCfg = Debug|Any CPU
		{51B2CBC5-F6DF-4E5E-94BA-F2C9F68E8250}.Debug|Any CPU.Build.0 = Debug|Any CPU
		{51B2CBC5-F6DF-4E5E-94BA-F2C9F68E8250}.Debug|x64.ActiveCfg = Debug|Any CPU
		{51B2CBC5-F6DF-4E5E-94BA-F2C9F68E8250}.Debug|x64.Build.0 = Debug|Any CPU
		{51B2CBC5-F6DF-4E5E-94BA-F2C9F68E8250}.Debug|x86.ActiveCfg = Debug|Any CPU
		{51B2CBC5-F6DF-4E5E-94BA-F2C9F68E8250}.Debug|x86.Build.0 = Debug|Any CPU
		{51B2CBC5-F6DF-4E5E-94BA-F2C9F68E8250}.Release|Any CPU.ActiveCfg = Release|Any CPU
		{51B2CBC5-F6DF-4E5E-94BA-F2C9F68E8250}.Release|Any CPU.Build.0 = Release|Any CPU
		{51B2CBC5-F6DF-4E5E-94BA-F2C9F68E8250}.Release|x64.ActiveCfg = Release|Any CPU
		{51B2CBC5-F6DF-4E5E-94BA-F2C9F68E8250}.Release|x64.Build.0 = Release|Any CPU
		{51B2CBC5-F6DF-4E5E-94BA-F2C9F68E8250}.Release|x86.ActiveCfg = Release|Any CPU
		{51B2CBC5-F6DF-4E5E-94BA-F2C9F68E8250}.Release|x86.Build.0 = Release|Any CPU
		{F229F1E9-7866-4C67-93E9-4DF42AC1510C}.Debug|Any CPU.ActiveCfg = Debug|Any CPU
		{F229F1E9-7866-4C67-93E9-4DF42AC1510C}.Debug|Any CPU.Build.0 = Debug|Any CPU
		{F229F1E9-7866-4C67-93E9-4DF42AC1510C}.Debug|x64.ActiveCfg = Debug|Any CPU
		{F229F1E9-7866-4C67-93E9-4DF42AC1510C}.Debug|x64.Build.0 = Debug|Any CPU
		{F229F1E9-7866-4C67-93E9-4DF42AC1510C}.Debug|x86.ActiveCfg = Debug|Any CPU
		{F229F1E9-7866-4C67-93E9-4DF42AC1510C}.Debug|x86.Build.0 = Debug|Any CPU
		{F229F1E9-7866-4C67-93E9-4DF42AC1510C}.Release|Any CPU.ActiveCfg = Release|Any CPU
		{F229F1E9-7866-4C67-93E9-4DF42AC1510C}.Release|Any CPU.Build.0 = Release|Any CPU
		{F229F1E9-7866-4C67-93E9-4DF42AC1510C}.Release|x64.ActiveCfg = Release|Any CPU
		{F229F1E9-7866-4C67-93E9-4DF42AC1510C}.Release|x64.Build.0 = Release|Any CPU
		{F229F1E9-7866-4C67-93E9-4DF42AC1510C}.Release|x86.ActiveCfg = Release|Any CPU
		{F229F1E9-7866-4C67-93E9-4DF42AC1510C}.Release|x86.Build.0 = Release|Any CPU
		{4B1321ED-0601-4A0F-ABA1-E1B4364A54B5}.Debug|Any CPU.ActiveCfg = Debug|Any CPU
		{4B1321ED-0601-4A0F-ABA1-E1B4364A54B5}.Debug|Any CPU.Build.0 = Debug|Any CPU
		{4B1321ED-0601-4A0F-ABA1-E1B4364A54B5}.Debug|x64.ActiveCfg = Debug|Any CPU
		{4B1321ED-0601-4A0F-ABA1-E1B4364A54B5}.Debug|x64.Build.0 = Debug|Any CPU
		{4B1321ED-0601-4A0F-ABA1-E1B4364A54B5}.Debug|x86.ActiveCfg = Debug|Any CPU
		{4B1321ED-0601-4A0F-ABA1-E1B4364A54B5}.Debug|x86.Build.0 = Debug|Any CPU
		{4B1321ED-0601-4A0F-ABA1-E1B4364A54B5}.Release|Any CPU.ActiveCfg = Release|Any CPU
		{4B1321ED-0601-4A0F-ABA1-E1B4364A54B5}.Release|Any CPU.Build.0 = Release|Any CPU
		{4B1321ED-0601-4A0F-ABA1-E1B4364A54B5}.Release|x64.ActiveCfg = Release|Any CPU
		{4B1321ED-0601-4A0F-ABA1-E1B4364A54B5}.Release|x64.Build.0 = Release|Any CPU
		{4B1321ED-0601-4A0F-ABA1-E1B4364A54B5}.Release|x86.ActiveCfg = Release|Any CPU
		{4B1321ED-0601-4A0F-ABA1-E1B4364A54B5}.Release|x86.Build.0 = Release|Any CPU
		{0D3E912E-C727-4FA8-B3BB-5AC9690BAF67}.Debug|Any CPU.ActiveCfg = Debug|Any CPU
		{0D3E912E-C727-4FA8-B3BB-5AC9690BAF67}.Debug|Any CPU.Build.0 = Debug|Any CPU
		{0D3E912E-C727-4FA8-B3BB-5AC9690BAF67}.Debug|x64.ActiveCfg = Debug|Any CPU
		{0D3E912E-C727-4FA8-B3BB-5AC9690BAF67}.Debug|x64.Build.0 = Debug|Any CPU
		{0D3E912E-C727-4FA8-B3BB-5AC9690BAF67}.Debug|x86.ActiveCfg = Debug|Any CPU
		{0D3E912E-C727-4FA8-B3BB-5AC9690BAF67}.Debug|x86.Build.0 = Debug|Any CPU
		{0D3E912E-C727-4FA8-B3BB-5AC9690BAF67}.Release|Any CPU.ActiveCfg = Release|Any CPU
		{0D3E912E-C727-4FA8-B3BB-5AC9690BAF67}.Release|Any CPU.Build.0 = Release|Any CPU
		{0D3E912E-C727-4FA8-B3BB-5AC9690BAF67}.Release|x64.ActiveCfg = Release|Any CPU
		{0D3E912E-C727-4FA8-B3BB-5AC9690BAF67}.Release|x64.Build.0 = Release|Any CPU
		{0D3E912E-C727-4FA8-B3BB-5AC9690BAF67}.Release|x86.ActiveCfg = Release|Any CPU
		{0D3E912E-C727-4FA8-B3BB-5AC9690BAF67}.Release|x86.Build.0 = Release|Any CPU
		{44E317D3-58EB-4735-B2E7-E2F89A11ECC9}.Debug|Any CPU.ActiveCfg = Debug|Any CPU
		{44E317D3-58EB-4735-B2E7-E2F89A11ECC9}.Debug|Any CPU.Build.0 = Debug|Any CPU
		{44E317D3-58EB-4735-B2E7-E2F89A11ECC9}.Debug|x64.ActiveCfg = Debug|Any CPU
		{44E317D3-58EB-4735-B2E7-E2F89A11ECC9}.Debug|x64.Build.0 = Debug|Any CPU
		{44E317D3-58EB-4735-B2E7-E2F89A11ECC9}.Debug|x86.ActiveCfg = Debug|Any CPU
		{44E317D3-58EB-4735-B2E7-E2F89A11ECC9}.Debug|x86.Build.0 = Debug|Any CPU
		{44E317D3-58EB-4735-B2E7-E2F89A11ECC9}.Release|Any CPU.ActiveCfg = Release|Any CPU
		{44E317D3-58EB-4735-B2E7-E2F89A11ECC9}.Release|Any CPU.Build.0 = Release|Any CPU
		{44E317D3-58EB-4735-B2E7-E2F89A11ECC9}.Release|x64.ActiveCfg = Release|Any CPU
		{44E317D3-58EB-4735-B2E7-E2F89A11ECC9}.Release|x64.Build.0 = Release|Any CPU
		{44E317D3-58EB-4735-B2E7-E2F89A11ECC9}.Release|x86.ActiveCfg = Release|Any CPU
		{44E317D3-58EB-4735-B2E7-E2F89A11ECC9}.Release|x86.Build.0 = Release|Any CPU
		{DF8C6157-68FF-43D3-B8BF-89E4DE7A069A}.Debug|Any CPU.ActiveCfg = Debug|Any CPU
		{DF8C6157-68FF-43D3-B8BF-89E4DE7A069A}.Debug|Any CPU.Build.0 = Debug|Any CPU
		{DF8C6157-68FF-43D3-B8BF-89E4DE7A069A}.Debug|x64.ActiveCfg = Debug|Any CPU
		{DF8C6157-68FF-43D3-B8BF-89E4DE7A069A}.Debug|x64.Build.0 = Debug|Any CPU
		{DF8C6157-68FF-43D3-B8BF-89E4DE7A069A}.Debug|x86.ActiveCfg = Debug|Any CPU
		{DF8C6157-68FF-43D3-B8BF-89E4DE7A069A}.Debug|x86.Build.0 = Debug|Any CPU
		{DF8C6157-68FF-43D3-B8BF-89E4DE7A069A}.Release|Any CPU.ActiveCfg = Release|Any CPU
		{DF8C6157-68FF-43D3-B8BF-89E4DE7A069A}.Release|Any CPU.Build.0 = Release|Any CPU
		{DF8C6157-68FF-43D3-B8BF-89E4DE7A069A}.Release|x64.ActiveCfg = Release|Any CPU
		{DF8C6157-68FF-43D3-B8BF-89E4DE7A069A}.Release|x64.Build.0 = Release|Any CPU
		{DF8C6157-68FF-43D3-B8BF-89E4DE7A069A}.Release|x86.ActiveCfg = Release|Any CPU
		{DF8C6157-68FF-43D3-B8BF-89E4DE7A069A}.Release|x86.Build.0 = Release|Any CPU
	EndGlobalSection
	GlobalSection(SolutionProperties) = preSolution
		HideSolutionNode = FALSE
	EndGlobalSection
	GlobalSection(NestedProjects) = preSolution
		{51B2CBC5-F6DF-4E5E-94BA-F2C9F68E8250} = {827E0CD3-B72D-47B6-A68D-7590B98EB39B}
		{F229F1E9-7866-4C67-93E9-4DF42AC1510C} = {827E0CD3-B72D-47B6-A68D-7590B98EB39B}
		{4B1321ED-0601-4A0F-ABA1-E1B4364A54B5} = {827E0CD3-B72D-47B6-A68D-7590B98EB39B}
		{0D3E912E-C727-4FA8-B3BB-5AC9690BAF67} = {827E0CD3-B72D-47B6-A68D-7590B98EB39B}
		{44E317D3-58EB-4735-B2E7-E2F89A11ECC9} = {0AB3BF05-4346-4AA6-1389-037BE0695223}
		{DF8C6157-68FF-43D3-B8BF-89E4DE7A069A} = {0AB3BF05-4346-4AA6-1389-037BE0695223}
	EndGlobalSection
EndGlobal
